
Microsoft Visual Studio Solution File, Format Version 12.00
# Visual Studio 14
VisualStudioVersion = 14.0.25420.1
MinimumVisualStudioVersion = 10.0.40219.1
Project("{8BC9CEB8-8B4A-11D0-8D11-00A0C91BC942}") = "MUMPS_Win_C", "MUMPS_Win_C\MUMPS_Win_C.vcxproj", "{A7EB91BC-7F7F-4C59-A541-A7A73CF95C72}"
EndProject
Project("{6989167D-11E4-40FE-8C1A-2192A86A7E90}") = "MUMPS_Win_F", "MUMPS_Win_F\MUMPS_Win_F.vfproj", "{D52C9ADD-6297-4989-98E6-13072DB4552A}"
EndProject
Project("{6989167D-11E4-40FE-8C1A-2192A86A7E90}") = "PAKF", "PakF\PAKF.vfproj", "{239609EB-13CD-40FC-B573-825CF660D2D7}"
	ProjectSection(ProjectDependencies) = postProject
		{2C39C4A4-0908-45A7-9259-156AE0C3788E} = {2C39C4A4-0908-45A7-9259-156AE0C3788E}
		{A7EB91BC-7F7F-4C59-A541-A7A73CF95C72} = {A7EB91BC-7F7F-4C59-A541-A7A73CF95C72}
		{FFAABBD1-06BA-431D-BD88-B0292043D1AB} = {FFAABBD1-06BA-431D-BD88-B0292043D1AB}
		{D52C9ADD-6297-4989-98E6-13072DB4552A} = {D52C9ADD-6297-4989-98E6-13072DB4552A}
	EndProjectSection
EndProject
Project("{8BC9CEB8-8B4A-11D0-8D11-00A0C91BC942}") = "SparseAssembler", "SparseAssembler\SparseAssembler.vcxproj", "{2C39C4A4-0908-45A7-9259-156AE0C3788E}"
EndProject
Project("{8BC9CEB8-8B4A-11D0-8D11-00A0C91BC942}") = "Communication", "Communication\Communication.vcxproj", "{FFAABBD1-06BA-431D-BD88-B0292043D1AB}"
EndProject
Global
	GlobalSection(SolutionConfigurationPlatforms) = preSolution
		Debug|Win32 = Debug|Win32
		Debug|x64 = Debug|x64
		Release|Win32 = Release|Win32
		Release|x64 = Release|x64
	EndGlobalSection
	GlobalSection(ProjectConfigurationPlatforms) = postSolution
		{A7EB91BC-7F7F-4C59-A541-A7A73CF95C72}.Debug|Win32.ActiveCfg = Debug|Win32
		{A7EB91BC-7F7F-4C59-A541-A7A73CF95C72}.Debug|Win32.Build.0 = Debug|Win32
		{A7EB91BC-7F7F-4C59-A541-A7A73CF95C72}.Debug|x64.ActiveCfg = Debug|x64
		{A7EB91BC-7F7F-4C59-A541-A7A73CF95C72}.Debug|x64.Build.0 = Debug|x64
		{A7EB91BC-7F7F-4C59-A541-A7A73CF95C72}.Release|Win32.ActiveCfg = Release|Win32
		{A7EB91BC-7F7F-4C59-A541-A7A73CF95C72}.Release|Win32.Build.0 = Release|Win32
		{A7EB91BC-7F7F-4C59-A541-A7A73CF95C72}.Release|x64.ActiveCfg = Release|x64
		{A7EB91BC-7F7F-4C59-A541-A7A73CF95C72}.Release|x64.Build.0 = Release|x64
		{D52C9ADD-6297-4989-98E6-13072DB4552A}.Debug|Win32.ActiveCfg = Debug|Win32
		{D52C9ADD-6297-4989-98E6-13072DB4552A}.Debug|Win32.Build.0 = Debug|Win32
		{D52C9ADD-6297-4989-98E6-13072DB4552A}.Debug|x64.ActiveCfg = Debug|x64
		{D52C9ADD-6297-4989-98E6-13072DB4552A}.Debug|x64.Build.0 = Debug|x64
		{D52C9ADD-6297-4989-98E6-13072DB4552A}.Release|Win32.ActiveCfg = Release|Win32
		{D52C9ADD-6297-4989-98E6-13072DB4552A}.Release|Win32.Build.0 = Release|Win32
		{D52C9ADD-6297-4989-98E6-13072DB4552A}.Release|x64.ActiveCfg = Release|x64
		{D52C9ADD-6297-4989-98E6-13072DB4552A}.Release|x64.Build.0 = Release|x64
		{239609EB-13CD-40FC-B573-825CF660D2D7}.Debug|Win32.ActiveCfg = Debug|Win32
		{239609EB-13CD-40FC-B573-825CF660D2D7}.Debug|Win32.Build.0 = Debug|Win32
		{239609EB-13CD-40FC-B573-825CF660D2D7}.Debug|x64.ActiveCfg = Debug|x64
		{239609EB-13CD-40FC-B573-825CF660D2D7}.Debug|x64.Build.0 = Debug|x64
		{239609EB-13CD-40FC-B573-825CF660D2D7}.Release|Win32.ActiveCfg = Release|Win32
		{239609EB-13CD-40FC-B573-825CF660D2D7}.Release|Win32.Build.0 = Release|Win32
		{239609EB-13CD-40FC-B573-825CF660D2D7}.Release|x64.ActiveCfg = Release|x64
		{239609EB-13CD-40FC-B573-825CF660D2D7}.Release|x64.Build.0 = Release|x64
		{2C39C4A4-0908-45A7-9259-156AE0C3788E}.Debug|Win32.ActiveCfg = Debug|Win32
		{2C39C4A4-0908-45A7-9259-156AE0C3788E}.Debug|Win32.Build.0 = Debug|Win32
		{2C39C4A4-0908-45A7-9259-156AE0C3788E}.Debug|x64.ActiveCfg = Debug|x64
		{2C39C4A4-0908-45A7-9259-156AE0C3788E}.Debug|x64.Build.0 = Debug|x64
		{2C39C4A4-0908-45A7-9259-156AE0C3788E}.Release|Win32.ActiveCfg = Release|Win32
		{2C39C4A4-0908-45A7-9259-156AE0C3788E}.Release|Win32.Build.0 = Release|Win32
		{2C39C4A4-0908-45A7-9259-156AE0C3788E}.Release|x64.ActiveCfg = Release|x64
		{2C39C4A4-0908-45A7-9259-156AE0C3788E}.Release|x64.Build.0 = Release|x64
		{FFAABBD1-06BA-431D-BD88-B0292043D1AB}.Debug|Win32.ActiveCfg = Debug|Win32
		{FFAABBD1-06BA-431D-BD88-B0292043D1AB}.Debug|Win32.Build.0 = Debug|Win32
		{FFAABBD1-06BA-431D-BD88-B0292043D1AB}.Debug|x64.ActiveCfg = Debug|x64
		{FFAABBD1-06BA-431D-BD88-B0292043D1AB}.Debug|x64.Build.0 = Debug|x64
		{FFAABBD1-06BA-431D-BD88-B0292043D1AB}.Release|Win32.ActiveCfg = Release|Win32
		{FFAABBD1-06BA-431D-BD88-B0292043D1AB}.Release|Win32.Build.0 = Release|Win32
		{FFAABBD1-06BA-431D-BD88-B0292043D1AB}.Release|x64.ActiveCfg = Release|x64
		{FFAABBD1-06BA-431D-BD88-B0292043D1AB}.Release|x64.Build.0 = Release|x64
	EndGlobalSection
	GlobalSection(SolutionProperties) = preSolution
		HideSolutionNode = FALSE
	EndGlobalSection
EndGlobal
